// !$*UTF8*$!
{
	archiveVersion = 1;
	classes = {
	};
	objectVersion = 55;
	objects = {

/* Begin PBXBuildFile section */
		270820292780F03E004716C6 /* DaikinTypes.swift in Sources */ = {isa = PBXBuildFile; fileRef = 270820282780F03E004716C6 /* DaikinTypes.swift */; };
		2708202A2780F03E004716C6 /* DaikinTypes.swift in Sources */ = {isa = PBXBuildFile; fileRef = 270820282780F03E004716C6 /* DaikinTypes.swift */; };
		2708202C27842A45004716C6 /* AlertTypes.swift in Sources */ = {isa = PBXBuildFile; fileRef = 2708202B27842A45004716C6 /* AlertTypes.swift */; };
		2708202D27842A45004716C6 /* AlertTypes.swift in Sources */ = {isa = PBXBuildFile; fileRef = 2708202B27842A45004716C6 /* AlertTypes.swift */; };
		2708202F2786C2BF004716C6 /* ViewHelper.swift in Sources */ = {isa = PBXBuildFile; fileRef = 2708202E2786C2BF004716C6 /* ViewHelper.swift */; };
		270820302786C2BF004716C6 /* ViewHelper.swift in Sources */ = {isa = PBXBuildFile; fileRef = 2708202E2786C2BF004716C6 /* ViewHelper.swift */; };
		2722E5AF278B864F00EEB99E /* NetworkHelper.swift in Sources */ = {isa = PBXBuildFile; fileRef = 2722E5AE278B864F00EEB99E /* NetworkHelper.swift */; };
		2722E5B0278B864F00EEB99E /* NetworkHelper.swift in Sources */ = {isa = PBXBuildFile; fileRef = 2722E5AE278B864F00EEB99E /* NetworkHelper.swift */; };
		27641E7527A1605A004B1BF2 /* AcModelWrapper.swift in Sources */ = {isa = PBXBuildFile; fileRef = 27641E7427A1605A004B1BF2 /* AcModelWrapper.swift */; };
		27641E7627A1605A004B1BF2 /* AcModelWrapper.swift in Sources */ = {isa = PBXBuildFile; fileRef = 27641E7427A1605A004B1BF2 /* AcModelWrapper.swift */; };
		276F49FD27744E6400B27DAD /* DaikinConnection.swift in Sources */ = {isa = PBXBuildFile; fileRef = 276F49FC27744E6400B27DAD /* DaikinConnection.swift */; };
		276F49FE27744E6400B27DAD /* DaikinConnection.swift in Sources */ = {isa = PBXBuildFile; fileRef = 276F49FC27744E6400B27DAD /* DaikinConnection.swift */; };
		276F49FF27744E7A00B27DAD /* DaikinConnection.swift in Sources */ = {isa = PBXBuildFile; fileRef = 276F49FC27744E6400B27DAD /* DaikinConnection.swift */; };
		276F4A0027744E7A00B27DAD /* DaikinConnection.swift in Sources */ = {isa = PBXBuildFile; fileRef = 276F49FC27744E6400B27DAD /* DaikinConnection.swift */; };
		276F4A072778712400B27DAD /* ACList.swift in Sources */ = {isa = PBXBuildFile; fileRef = 276F4A062778712400B27DAD /* ACList.swift */; };
		276F4A082778712400B27DAD /* ACList.swift in Sources */ = {isa = PBXBuildFile; fileRef = 276F4A062778712400B27DAD /* ACList.swift */; };
		278ABC1C27A6CD4300FA3075 /* WidgetKit.framework in Frameworks */ = {isa = PBXBuildFile; fileRef = 278ABC1B27A6CD4300FA3075 /* WidgetKit.framework */; platformFilter = maccatalyst; };
		278ABC1E27A6CD4300FA3075 /* SwiftUI.framework in Frameworks */ = {isa = PBXBuildFile; fileRef = 278ABC1D27A6CD4300FA3075 /* SwiftUI.framework */; platformFilter = maccatalyst; };
		278ABC2127A6CD4300FA3075 /* Widget_iOS.swift in Sources */ = {isa = PBXBuildFile; fileRef = 278ABC2027A6CD4300FA3075 /* Widget_iOS.swift */; };
		278ABC2327A6CD4400FA3075 /* Assets.xcassets in Resources */ = {isa = PBXBuildFile; fileRef = 278ABC2227A6CD4400FA3075 /* Assets.xcassets */; };
		278ABC2727A6CD4400FA3075 /* Widget iOSExtension.appex in Embed App Extensions */ = {isa = PBXBuildFile; fileRef = 278ABC1927A6CD4300FA3075 /* Widget iOSExtension.appex */; settings = {ATTRIBUTES = (RemoveHeadersOnCopy, ); }; };
		278ABC2C27A6D00B00FA3075 /* UserSettings.swift in Sources */ = {isa = PBXBuildFile; fileRef = 27EFB682277CFD0100B3C238 /* UserSettings.swift */; };
		279497D927600ACC001EAA47 /* Tests_iOS.swift in Sources */ = {isa = PBXBuildFile; fileRef = 27A6C63A275B80A5003A0CEE /* Tests_iOS.swift */; };
		279497DA276092EE001EAA47 /* ACTests.swift in Sources */ = {isa = PBXBuildFile; fileRef = 27A6C664275BA6BC003A0CEE /* ACTests.swift */; };
		279497DB2760932B001EAA47 /* ACView.swift in Sources */ = {isa = PBXBuildFile; fileRef = 27A6C662275B8369003A0CEE /* ACView.swift */; };
		2794C2E4276DDAB900A9F2C3 /* ACModel.swift in Sources */ = {isa = PBXBuildFile; fileRef = 27A6C65F275B82BC003A0CEE /* ACModel.swift */; };
		2794C2E5276DDABA00A9F2C3 /* ACModel.swift in Sources */ = {isa = PBXBuildFile; fileRef = 27A6C65F275B82BC003A0CEE /* ACModel.swift */; };
		27A6C63B275B80A5003A0CEE /* Tests_iOS.swift in Sources */ = {isa = PBXBuildFile; fileRef = 27A6C63A275B80A5003A0CEE /* Tests_iOS.swift */; };
		27A6C63D275B80A5003A0CEE /* Tests_iOSLaunchTests.swift in Sources */ = {isa = PBXBuildFile; fileRef = 27A6C63C275B80A5003A0CEE /* Tests_iOSLaunchTests.swift */; };
		27A6C647275B80A5003A0CEE /* Tests_macOS.swift in Sources */ = {isa = PBXBuildFile; fileRef = 27A6C646275B80A5003A0CEE /* Tests_macOS.swift */; };
		27A6C649275B80A5003A0CEE /* Tests_macOSLaunchTests.swift in Sources */ = {isa = PBXBuildFile; fileRef = 27A6C648275B80A5003A0CEE /* Tests_macOSLaunchTests.swift */; };
		27A6C64A275B80A5003A0CEE /* DaikinApp.swift in Sources */ = {isa = PBXBuildFile; fileRef = 27A6C622275B80A5003A0CEE /* DaikinApp.swift */; };
		27A6C64B275B80A5003A0CEE /* DaikinApp.swift in Sources */ = {isa = PBXBuildFile; fileRef = 27A6C622275B80A5003A0CEE /* DaikinApp.swift */; };
		27A6C64C275B80A5003A0CEE /* ContentView.swift in Sources */ = {isa = PBXBuildFile; fileRef = 27A6C623275B80A5003A0CEE /* ContentView.swift */; };
		27A6C64D275B80A5003A0CEE /* ContentView.swift in Sources */ = {isa = PBXBuildFile; fileRef = 27A6C623275B80A5003A0CEE /* ContentView.swift */; };
		27A6C64E275B80A5003A0CEE /* Assets.xcassets in Resources */ = {isa = PBXBuildFile; fileRef = 27A6C624275B80A5003A0CEE /* Assets.xcassets */; };
		27A6C64F275B80A5003A0CEE /* Assets.xcassets in Resources */ = {isa = PBXBuildFile; fileRef = 27A6C624275B80A5003A0CEE /* Assets.xcassets */; };
		27A6C660275B82BC003A0CEE /* ACModel.swift in Sources */ = {isa = PBXBuildFile; fileRef = 27A6C65F275B82BC003A0CEE /* ACModel.swift */; };
		27A6C661275B82C3003A0CEE /* ACModel.swift in Sources */ = {isa = PBXBuildFile; fileRef = 27A6C65F275B82BC003A0CEE /* ACModel.swift */; };
		27A6C663275B8369003A0CEE /* ACView.swift in Sources */ = {isa = PBXBuildFile; fileRef = 27A6C662275B8369003A0CEE /* ACView.swift */; };
		27A6C665275BA6BC003A0CEE /* ACTests.swift in Sources */ = {isa = PBXBuildFile; fileRef = 27A6C664275BA6BC003A0CEE /* ACTests.swift */; };
		27EFB683277CFD0100B3C238 /* UserSettings.swift in Sources */ = {isa = PBXBuildFile; fileRef = 27EFB682277CFD0100B3C238 /* UserSettings.swift */; };
		27EFB684277CFD0100B3C238 /* UserSettings.swift in Sources */ = {isa = PBXBuildFile; fileRef = 27EFB682277CFD0100B3C238 /* UserSettings.swift */; };
		27EFB686277D161D00B3C238 /* SettingsView.swift in Sources */ = {isa = PBXBuildFile; fileRef = 27EFB685277D161D00B3C238 /* SettingsView.swift */; };
		27EFB687277D161D00B3C238 /* SettingsView.swift in Sources */ = {isa = PBXBuildFile; fileRef = 27EFB685277D161D00B3C238 /* SettingsView.swift */; };
/* End PBXBuildFile section */

/* Begin PBXContainerItemProxy section */
		278ABC2527A6CD4400FA3075 /* PBXContainerItemProxy */ = {
			isa = PBXContainerItemProxy;
			containerPortal = 27A6C61D275B80A5003A0CEE /* Project object */;
			proxyType = 1;
			remoteGlobalIDString = 278ABC1827A6CD4300FA3075;
			remoteInfo = "Widget iOSExtension";
		};
		27A6C637275B80A5003A0CEE /* PBXContainerItemProxy */ = {
			isa = PBXContainerItemProxy;
			containerPortal = 27A6C61D275B80A5003A0CEE /* Project object */;
			proxyType = 1;
			remoteGlobalIDString = 27A6C628275B80A5003A0CEE;
			remoteInfo = "Daikin (iOS)";
		};
		27A6C643275B80A5003A0CEE /* PBXContainerItemProxy */ = {
			isa = PBXContainerItemProxy;
			containerPortal = 27A6C61D275B80A5003A0CEE /* Project object */;
			proxyType = 1;
			remoteGlobalIDString = 27A6C62E275B80A5003A0CEE;
			remoteInfo = "Daikin (macOS)";
		};
/* End PBXContainerItemProxy section */

/* Begin PBXCopyFilesBuildPhase section */
		278ABC2827A6CD4400FA3075 /* Embed App Extensions */ = {
			isa = PBXCopyFilesBuildPhase;
			buildActionMask = 2147483647;
			dstPath = "";
			dstSubfolderSpec = 13;
			files = (
				278ABC2727A6CD4400FA3075 /* Widget iOSExtension.appex in Embed App Extensions */,
			);
			name = "Embed App Extensions";
			runOnlyForDeploymentPostprocessing = 0;
		};
/* End PBXCopyFilesBuildPhase section */

/* Begin PBXFileReference section */
		270820282780F03E004716C6 /* DaikinTypes.swift */ = {isa = PBXFileReference; lastKnownFileType = sourcecode.swift; path = DaikinTypes.swift; sourceTree = "<group>"; };
		2708202B27842A45004716C6 /* AlertTypes.swift */ = {isa = PBXFileReference; lastKnownFileType = sourcecode.swift; path = AlertTypes.swift; sourceTree = "<group>"; };
		2708202E2786C2BF004716C6 /* ViewHelper.swift */ = {isa = PBXFileReference; lastKnownFileType = sourcecode.swift; path = ViewHelper.swift; sourceTree = "<group>"; };
		2722E5AE278B864F00EEB99E /* NetworkHelper.swift */ = {isa = PBXFileReference; lastKnownFileType = sourcecode.swift; path = NetworkHelper.swift; sourceTree = "<group>"; };
		27641E7427A1605A004B1BF2 /* AcModelWrapper.swift */ = {isa = PBXFileReference; lastKnownFileType = sourcecode.swift; path = AcModelWrapper.swift; sourceTree = "<group>"; };
		276F49FC27744E6400B27DAD /* DaikinConnection.swift */ = {isa = PBXFileReference; lastKnownFileType = sourcecode.swift; path = DaikinConnection.swift; sourceTree = "<group>"; };
		276F4A012774760000B27DAD /* Daikin--iOS--Info.plist */ = {isa = PBXFileReference; lastKnownFileType = text.plist; path = "Daikin--iOS--Info.plist"; sourceTree = "<group>"; };
		276F4A052778704600B27DAD /* Todo.md */ = {isa = PBXFileReference; lastKnownFileType = net.daringfireball.markdown; path = Todo.md; sourceTree = "<group>"; };
		276F4A062778712400B27DAD /* ACList.swift */ = {isa = PBXFileReference; lastKnownFileType = sourcecode.swift; path = ACList.swift; sourceTree = "<group>"; };
		278ABC1927A6CD4300FA3075 /* Widget iOSExtension.appex */ = {isa = PBXFileReference; explicitFileType = "wrapper.app-extension"; includeInIndex = 0; path = "Widget iOSExtension.appex"; sourceTree = BUILT_PRODUCTS_DIR; };
		278ABC1B27A6CD4300FA3075 /* WidgetKit.framework */ = {isa = PBXFileReference; lastKnownFileType = wrapper.framework; name = WidgetKit.framework; path = System/Library/Frameworks/WidgetKit.framework; sourceTree = SDKROOT; };
		278ABC1D27A6CD4300FA3075 /* SwiftUI.framework */ = {isa = PBXFileReference; lastKnownFileType = wrapper.framework; name = SwiftUI.framework; path = System/Library/Frameworks/SwiftUI.framework; sourceTree = SDKROOT; };
		278ABC2027A6CD4300FA3075 /* Widget_iOS.swift */ = {isa = PBXFileReference; lastKnownFileType = sourcecode.swift; path = Widget_iOS.swift; sourceTree = "<group>"; };
		278ABC2227A6CD4400FA3075 /* Assets.xcassets */ = {isa = PBXFileReference; lastKnownFileType = folder.assetcatalog; path = Assets.xcassets; sourceTree = "<group>"; };
		278ABC2427A6CD4400FA3075 /* Info.plist */ = {isa = PBXFileReference; lastKnownFileType = text.plist.xml; path = Info.plist; sourceTree = "<group>"; };
		278ABC2E27A6D6B100FA3075 /* Daikin (iOS).entitlements */ = {isa = PBXFileReference; lastKnownFileType = text.plist.entitlements; path = "Daikin (iOS).entitlements"; sourceTree = "<group>"; };
		278ABC3027A80E9A00FA3075 /* Widget iOSExtension.entitlements */ = {isa = PBXFileReference; lastKnownFileType = text.plist.entitlements; path = "Widget iOSExtension.entitlements"; sourceTree = "<group>"; };
		27A6C622275B80A5003A0CEE /* DaikinApp.swift */ = {isa = PBXFileReference; lastKnownFileType = sourcecode.swift; path = DaikinApp.swift; sourceTree = "<group>"; };
		27A6C623275B80A5003A0CEE /* ContentView.swift */ = {isa = PBXFileReference; lastKnownFileType = sourcecode.swift; path = ContentView.swift; sourceTree = "<group>"; };
		27A6C624275B80A5003A0CEE /* Assets.xcassets */ = {isa = PBXFileReference; lastKnownFileType = folder.assetcatalog; path = Assets.xcassets; sourceTree = "<group>"; };
		27A6C629275B80A5003A0CEE /* Daikin.app */ = {isa = PBXFileReference; explicitFileType = wrapper.application; includeInIndex = 0; path = Daikin.app; sourceTree = BUILT_PRODUCTS_DIR; };
		27A6C62F275B80A5003A0CEE /* Daikin.app */ = {isa = PBXFileReference; explicitFileType = wrapper.application; includeInIndex = 0; path = Daikin.app; sourceTree = BUILT_PRODUCTS_DIR; };
		27A6C631275B80A5003A0CEE /* macOS.entitlements */ = {isa = PBXFileReference; lastKnownFileType = text.plist.entitlements; path = macOS.entitlements; sourceTree = "<group>"; };
		27A6C636275B80A5003A0CEE /* Tests iOS.xctest */ = {isa = PBXFileReference; explicitFileType = wrapper.cfbundle; includeInIndex = 0; path = "Tests iOS.xctest"; sourceTree = BUILT_PRODUCTS_DIR; };
		27A6C63A275B80A5003A0CEE /* Tests_iOS.swift */ = {isa = PBXFileReference; lastKnownFileType = sourcecode.swift; path = Tests_iOS.swift; sourceTree = "<group>"; };
		27A6C63C275B80A5003A0CEE /* Tests_iOSLaunchTests.swift */ = {isa = PBXFileReference; lastKnownFileType = sourcecode.swift; path = Tests_iOSLaunchTests.swift; sourceTree = "<group>"; };
		27A6C642275B80A5003A0CEE /* Tests macOS.xctest */ = {isa = PBXFileReference; explicitFileType = wrapper.cfbundle; includeInIndex = 0; path = "Tests macOS.xctest"; sourceTree = BUILT_PRODUCTS_DIR; };
		27A6C646275B80A5003A0CEE /* Tests_macOS.swift */ = {isa = PBXFileReference; lastKnownFileType = sourcecode.swift; path = Tests_macOS.swift; sourceTree = "<group>"; };
		27A6C648275B80A5003A0CEE /* Tests_macOSLaunchTests.swift */ = {isa = PBXFileReference; lastKnownFileType = sourcecode.swift; path = Tests_macOSLaunchTests.swift; sourceTree = "<group>"; };
		27A6C65F275B82BC003A0CEE /* ACModel.swift */ = {isa = PBXFileReference; lastKnownFileType = sourcecode.swift; path = ACModel.swift; sourceTree = "<group>"; };
		27A6C662275B8369003A0CEE /* ACView.swift */ = {isa = PBXFileReference; lastKnownFileType = sourcecode.swift; path = ACView.swift; sourceTree = "<group>"; };
		27A6C664275BA6BC003A0CEE /* ACTests.swift */ = {isa = PBXFileReference; lastKnownFileType = sourcecode.swift; name = ACTests.swift; path = "Tests iOS/ACTests.swift"; sourceTree = SOURCE_ROOT; };
		27EFB682277CFD0100B3C238 /* UserSettings.swift */ = {isa = PBXFileReference; lastKnownFileType = sourcecode.swift; path = UserSettings.swift; sourceTree = "<group>"; };
		27EFB685277D161D00B3C238 /* SettingsView.swift */ = {isa = PBXFileReference; lastKnownFileType = sourcecode.swift; path = SettingsView.swift; sourceTree = "<group>"; };
/* End PBXFileReference section */

/* Begin PBXFrameworksBuildPhase section */
		278ABC1627A6CD4300FA3075 /* Frameworks */ = {
			isa = PBXFrameworksBuildPhase;
			buildActionMask = 2147483647;
			files = (
				278ABC1E27A6CD4300FA3075 /* SwiftUI.framework in Frameworks */,
				278ABC1C27A6CD4300FA3075 /* WidgetKit.framework in Frameworks */,
			);
			runOnlyForDeploymentPostprocessing = 0;
		};
		27A6C626275B80A5003A0CEE /* Frameworks */ = {
			isa = PBXFrameworksBuildPhase;
			buildActionMask = 2147483647;
			files = (
			);
			runOnlyForDeploymentPostprocessing = 0;
		};
		27A6C62C275B80A5003A0CEE /* Frameworks */ = {
			isa = PBXFrameworksBuildPhase;
			buildActionMask = 2147483647;
			files = (
			);
			runOnlyForDeploymentPostprocessing = 0;
		};
		27A6C633275B80A5003A0CEE /* Frameworks */ = {
			isa = PBXFrameworksBuildPhase;
			buildActionMask = 2147483647;
			files = (
			);
			runOnlyForDeploymentPostprocessing = 0;
		};
		27A6C63F275B80A5003A0CEE /* Frameworks */ = {
			isa = PBXFrameworksBuildPhase;
			buildActionMask = 2147483647;
			files = (
			);
			runOnlyForDeploymentPostprocessing = 0;
		};
/* End PBXFrameworksBuildPhase section */

/* Begin PBXGroup section */
		278ABC1A27A6CD4300FA3075 /* Frameworks */ = {
			isa = PBXGroup;
			children = (
				278ABC1B27A6CD4300FA3075 /* WidgetKit.framework */,
				278ABC1D27A6CD4300FA3075 /* SwiftUI.framework */,
			);
			name = Frameworks;
			sourceTree = "<group>";
		};
		278ABC1F27A6CD4300FA3075 /* Widget iOS */ = {
			isa = PBXGroup;
			children = (
				278ABC2027A6CD4300FA3075 /* Widget_iOS.swift */,
				278ABC2227A6CD4400FA3075 /* Assets.xcassets */,
				278ABC2427A6CD4400FA3075 /* Info.plist */,
			);
			path = "Widget iOS";
			sourceTree = "<group>";
		};
		278ABC2F27A7BC6F00FA3075 /* Widget Shared */ = {
			isa = PBXGroup;
			children = (
			);
			path = "Widget Shared";
			sourceTree = "<group>";
		};
		27A6C61C275B80A5003A0CEE = {
			isa = PBXGroup;
			children = (
				278ABC3027A80E9A00FA3075 /* Widget iOSExtension.entitlements */,
				278ABC2E27A6D6B100FA3075 /* Daikin (iOS).entitlements */,
				276F4A052778704600B27DAD /* Todo.md */,
				276F4A012774760000B27DAD /* Daikin--iOS--Info.plist */,
				27A6C621275B80A5003A0CEE /* Shared */,
				27A6C630275B80A5003A0CEE /* macOS */,
				27A6C639275B80A5003A0CEE /* Tests iOS */,
				27A6C645275B80A5003A0CEE /* Tests macOS */,
				278ABC2F27A7BC6F00FA3075 /* Widget Shared */,
				278ABC1F27A6CD4300FA3075 /* Widget iOS */,
				278ABC1A27A6CD4300FA3075 /* Frameworks */,
				27A6C62A275B80A5003A0CEE /* Products */,
			);
			sourceTree = "<group>";
		};
		27A6C621275B80A5003A0CEE /* Shared */ = {
			isa = PBXGroup;
			children = (
				27A6C65E275B8290003A0CEE /* DaikinController */,
				27A6C622275B80A5003A0CEE /* DaikinApp.swift */,
				27A6C623275B80A5003A0CEE /* ContentView.swift */,
				276F4A062778712400B27DAD /* ACList.swift */,
				27641E7427A1605A004B1BF2 /* AcModelWrapper.swift */,
				27A6C662275B8369003A0CEE /* ACView.swift */,
				27EFB685277D161D00B3C238 /* SettingsView.swift */,
				27EFB682277CFD0100B3C238 /* UserSettings.swift */,
				2708202B27842A45004716C6 /* AlertTypes.swift */,
				2708202E2786C2BF004716C6 /* ViewHelper.swift */,
				27A6C624275B80A5003A0CEE /* Assets.xcassets */,
			);
			path = Shared;
			sourceTree = "<group>";
		};
		27A6C62A275B80A5003A0CEE /* Products */ = {
			isa = PBXGroup;
			children = (
				27A6C629275B80A5003A0CEE /* Daikin.app */,
				27A6C62F275B80A5003A0CEE /* Daikin.app */,
				27A6C636275B80A5003A0CEE /* Tests iOS.xctest */,
				27A6C642275B80A5003A0CEE /* Tests macOS.xctest */,
				278ABC1927A6CD4300FA3075 /* Widget iOSExtension.appex */,
			);
			name = Products;
			sourceTree = "<group>";
		};
		27A6C630275B80A5003A0CEE /* macOS */ = {
			isa = PBXGroup;
			children = (
				27A6C631275B80A5003A0CEE /* macOS.entitlements */,
			);
			path = macOS;
			sourceTree = "<group>";
		};
		27A6C639275B80A5003A0CEE /* Tests iOS */ = {
			isa = PBXGroup;
			children = (
				27A6C664275BA6BC003A0CEE /* ACTests.swift */,
				27A6C63A275B80A5003A0CEE /* Tests_iOS.swift */,
				27A6C63C275B80A5003A0CEE /* Tests_iOSLaunchTests.swift */,
			);
			path = "Tests iOS";
			sourceTree = "<group>";
		};
		27A6C645275B80A5003A0CEE /* Tests macOS */ = {
			isa = PBXGroup;
			children = (
				27A6C646275B80A5003A0CEE /* Tests_macOS.swift */,
				27A6C648275B80A5003A0CEE /* Tests_macOSLaunchTests.swift */,
			);
			path = "Tests macOS";
			sourceTree = "<group>";
		};
		27A6C65E275B8290003A0CEE /* DaikinController */ = {
			isa = PBXGroup;
			children = (
				270820282780F03E004716C6 /* DaikinTypes.swift */,
				276F49FC27744E6400B27DAD /* DaikinConnection.swift */,
				27A6C65F275B82BC003A0CEE /* ACModel.swift */,
				2722E5AE278B864F00EEB99E /* NetworkHelper.swift */,
			);
			path = DaikinController;
			sourceTree = "<group>";
		};
/* End PBXGroup section */

/* Begin PBXNativeTarget section */
		278ABC1827A6CD4300FA3075 /* Widget iOSExtension */ = {
			isa = PBXNativeTarget;
			buildConfigurationList = 278ABC2B27A6CD4400FA3075 /* Build configuration list for PBXNativeTarget "Widget iOSExtension" */;
			buildPhases = (
				278ABC1527A6CD4300FA3075 /* Sources */,
				278ABC1627A6CD4300FA3075 /* Frameworks */,
				278ABC1727A6CD4300FA3075 /* Resources */,
			);
			buildRules = (
			);
			dependencies = (
			);
			name = "Widget iOSExtension";
			productName = "Widget iOSExtension";
			productReference = 278ABC1927A6CD4300FA3075 /* Widget iOSExtension.appex */;
			productType = "com.apple.product-type.app-extension";
		};
		27A6C628275B80A5003A0CEE /* Daikin (iOS) */ = {
			isa = PBXNativeTarget;
			buildConfigurationList = 27A6C652275B80A5003A0CEE /* Build configuration list for PBXNativeTarget "Daikin (iOS)" */;
			buildPhases = (
				27A6C625275B80A5003A0CEE /* Sources */,
				27A6C626275B80A5003A0CEE /* Frameworks */,
				27A6C627275B80A5003A0CEE /* Resources */,
				278ABC2827A6CD4400FA3075 /* Embed App Extensions */,
			);
			buildRules = (
			);
			dependencies = (
				278ABC2627A6CD4400FA3075 /* PBXTargetDependency */,
			);
			name = "Daikin (iOS)";
			productName = "Daikin (iOS)";
			productReference = 27A6C629275B80A5003A0CEE /* Daikin.app */;
			productType = "com.apple.product-type.application";
		};
		27A6C62E275B80A5003A0CEE /* Daikin (macOS) */ = {
			isa = PBXNativeTarget;
			buildConfigurationList = 27A6C655275B80A5003A0CEE /* Build configuration list for PBXNativeTarget "Daikin (macOS)" */;
			buildPhases = (
				27A6C62B275B80A5003A0CEE /* Sources */,
				27A6C62C275B80A5003A0CEE /* Frameworks */,
				27A6C62D275B80A5003A0CEE /* Resources */,
			);
			buildRules = (
			);
			dependencies = (
			);
			name = "Daikin (macOS)";
			productName = "Daikin (macOS)";
			productReference = 27A6C62F275B80A5003A0CEE /* Daikin.app */;
			productType = "com.apple.product-type.application";
		};
		27A6C635275B80A5003A0CEE /* Tests iOS */ = {
			isa = PBXNativeTarget;
			buildConfigurationList = 27A6C658275B80A5003A0CEE /* Build configuration list for PBXNativeTarget "Tests iOS" */;
			buildPhases = (
				27A6C632275B80A5003A0CEE /* Sources */,
				27A6C633275B80A5003A0CEE /* Frameworks */,
				27A6C634275B80A5003A0CEE /* Resources */,
			);
			buildRules = (
			);
			dependencies = (
				27A6C638275B80A5003A0CEE /* PBXTargetDependency */,
			);
			name = "Tests iOS";
			productName = "Tests iOS";
			productReference = 27A6C636275B80A5003A0CEE /* Tests iOS.xctest */;
			productType = "com.apple.product-type.bundle.ui-testing";
		};
		27A6C641275B80A5003A0CEE /* Tests macOS */ = {
			isa = PBXNativeTarget;
			buildConfigurationList = 27A6C65B275B80A5003A0CEE /* Build configuration list for PBXNativeTarget "Tests macOS" */;
			buildPhases = (
				27A6C63E275B80A5003A0CEE /* Sources */,
				27A6C63F275B80A5003A0CEE /* Frameworks */,
				27A6C640275B80A5003A0CEE /* Resources */,
			);
			buildRules = (
			);
			dependencies = (
				27A6C644275B80A5003A0CEE /* PBXTargetDependency */,
			);
			name = "Tests macOS";
			productName = "Tests macOS";
			productReference = 27A6C642275B80A5003A0CEE /* Tests macOS.xctest */;
			productType = "com.apple.product-type.bundle.ui-testing";
		};
/* End PBXNativeTarget section */

/* Begin PBXProject section */
		27A6C61D275B80A5003A0CEE /* Project object */ = {
			isa = PBXProject;
			attributes = {
				BuildIndependentTargetsInParallel = 1;
				LastSwiftUpdateCheck = 1320;
				LastUpgradeCheck = 1310;
				TargetAttributes = {
					278ABC1827A6CD4300FA3075 = {
						CreatedOnToolsVersion = 13.2.1;
					};
					27A6C628275B80A5003A0CEE = {
						CreatedOnToolsVersion = 13.1;
					};
					27A6C62E275B80A5003A0CEE = {
						CreatedOnToolsVersion = 13.1;
					};
					27A6C635275B80A5003A0CEE = {
						CreatedOnToolsVersion = 13.1;
						TestTargetID = 27A6C628275B80A5003A0CEE;
					};
					27A6C641275B80A5003A0CEE = {
						CreatedOnToolsVersion = 13.1;
						TestTargetID = 27A6C62E275B80A5003A0CEE;
					};
				};
			};
			buildConfigurationList = 27A6C620275B80A5003A0CEE /* Build configuration list for PBXProject "Daikin" */;
			compatibilityVersion = "Xcode 13.0";
			developmentRegion = en;
			hasScannedForEncodings = 0;
			knownRegions = (
				en,
				Base,
			);
			mainGroup = 27A6C61C275B80A5003A0CEE;
			productRefGroup = 27A6C62A275B80A5003A0CEE /* Products */;
			projectDirPath = "";
			projectRoot = "";
			targets = (
				27A6C628275B80A5003A0CEE /* Daikin (iOS) */,
				27A6C62E275B80A5003A0CEE /* Daikin (macOS) */,
				27A6C635275B80A5003A0CEE /* Tests iOS */,
				27A6C641275B80A5003A0CEE /* Tests macOS */,
				278ABC1827A6CD4300FA3075 /* Widget iOSExtension */,
			);
		};
/* End PBXProject section */

/* Begin PBXResourcesBuildPhase section */
		278ABC1727A6CD4300FA3075 /* Resources */ = {
			isa = PBXResourcesBuildPhase;
			buildActionMask = 2147483647;
			files = (
				278ABC2327A6CD4400FA3075 /* Assets.xcassets in Resources */,
			);
			runOnlyForDeploymentPostprocessing = 0;
		};
		27A6C627275B80A5003A0CEE /* Resources */ = {
			isa = PBXResourcesBuildPhase;
			buildActionMask = 2147483647;
			files = (
				27A6C64E275B80A5003A0CEE /* Assets.xcassets in Resources */,
			);
			runOnlyForDeploymentPostprocessing = 0;
		};
		27A6C62D275B80A5003A0CEE /* Resources */ = {
			isa = PBXResourcesBuildPhase;
			buildActionMask = 2147483647;
			files = (
				27A6C64F275B80A5003A0CEE /* Assets.xcassets in Resources */,
			);
			runOnlyForDeploymentPostprocessing = 0;
		};
		27A6C634275B80A5003A0CEE /* Resources */ = {
			isa = PBXResourcesBuildPhase;
			buildActionMask = 2147483647;
			files = (
			);
			runOnlyForDeploymentPostprocessing = 0;
		};
		27A6C640275B80A5003A0CEE /* Resources */ = {
			isa = PBXResourcesBuildPhase;
			buildActionMask = 2147483647;
			files = (
			);
			runOnlyForDeploymentPostprocessing = 0;
		};
/* End PBXResourcesBuildPhase section */

/* Begin PBXSourcesBuildPhase section */
		278ABC1527A6CD4300FA3075 /* Sources */ = {
			isa = PBXSourcesBuildPhase;
			buildActionMask = 2147483647;
			files = (
				278ABC2127A6CD4300FA3075 /* Widget_iOS.swift in Sources */,
				278ABC2C27A6D00B00FA3075 /* UserSettings.swift in Sources */,
			);
			runOnlyForDeploymentPostprocessing = 0;
		};
		27A6C625275B80A5003A0CEE /* Sources */ = {
			isa = PBXSourcesBuildPhase;
			buildActionMask = 2147483647;
			files = (
				2708202C27842A45004716C6 /* AlertTypes.swift in Sources */,
				27A6C64C275B80A5003A0CEE /* ContentView.swift in Sources */,
				27A6C64A275B80A5003A0CEE /* DaikinApp.swift in Sources */,
				27EFB686277D161D00B3C238 /* SettingsView.swift in Sources */,
				2722E5AF278B864F00EEB99E /* NetworkHelper.swift in Sources */,
				27641E7527A1605A004B1BF2 /* AcModelWrapper.swift in Sources */,
				270820292780F03E004716C6 /* DaikinTypes.swift in Sources */,
				27A6C663275B8369003A0CEE /* ACView.swift in Sources */,
				2708202F2786C2BF004716C6 /* ViewHelper.swift in Sources */,
				276F49FD27744E6400B27DAD /* DaikinConnection.swift in Sources */,
				27EFB683277CFD0100B3C238 /* UserSettings.swift in Sources */,
				27A6C660275B82BC003A0CEE /* ACModel.swift in Sources */,
				276F4A072778712400B27DAD /* ACList.swift in Sources */,
			);
			runOnlyForDeploymentPostprocessing = 0;
		};
		27A6C62B275B80A5003A0CEE /* Sources */ = {
			isa = PBXSourcesBuildPhase;
			buildActionMask = 2147483647;
			files = (
				2708202D27842A45004716C6 /* AlertTypes.swift in Sources */,
				27A6C64D275B80A5003A0CEE /* ContentView.swift in Sources */,
				27A6C64B275B80A5003A0CEE /* DaikinApp.swift in Sources */,
				27EFB687277D161D00B3C238 /* SettingsView.swift in Sources */,
				2722E5B0278B864F00EEB99E /* NetworkHelper.swift in Sources */,
				27641E7627A1605A004B1BF2 /* AcModelWrapper.swift in Sources */,
				2708202A2780F03E004716C6 /* DaikinTypes.swift in Sources */,
				279497DB2760932B001EAA47 /* ACView.swift in Sources */,
				270820302786C2BF004716C6 /* ViewHelper.swift in Sources */,
				276F49FE27744E6400B27DAD /* DaikinConnection.swift in Sources */,
				27EFB684277CFD0100B3C238 /* UserSettings.swift in Sources */,
				27A6C661275B82C3003A0CEE /* ACModel.swift in Sources */,
				276F4A082778712400B27DAD /* ACList.swift in Sources */,
			);
			runOnlyForDeploymentPostprocessing = 0;
		};
		27A6C632275B80A5003A0CEE /* Sources */ = {
			isa = PBXSourcesBuildPhase;
			buildActionMask = 2147483647;
			files = (
				27A6C63D275B80A5003A0CEE /* Tests_iOSLaunchTests.swift in Sources */,
				2794C2E4276DDAB900A9F2C3 /* ACModel.swift in Sources */,
				27A6C665275BA6BC003A0CEE /* ACTests.swift in Sources */,
				276F4A0027744E7A00B27DAD /* DaikinConnection.swift in Sources */,
				27A6C63B275B80A5003A0CEE /* Tests_iOS.swift in Sources */,
			);
			runOnlyForDeploymentPostprocessing = 0;
		};
		27A6C63E275B80A5003A0CEE /* Sources */ = {
			isa = PBXSourcesBuildPhase;
			buildActionMask = 2147483647;
			files = (
				2794C2E5276DDABA00A9F2C3 /* ACModel.swift in Sources */,
				276F49FF27744E7A00B27DAD /* DaikinConnection.swift in Sources */,
				279497DA276092EE001EAA47 /* ACTests.swift in Sources */,
				27A6C649275B80A5003A0CEE /* Tests_macOSLaunchTests.swift in Sources */,
				27A6C647275B80A5003A0CEE /* Tests_macOS.swift in Sources */,
				279497D927600ACC001EAA47 /* Tests_iOS.swift in Sources */,
			);
			runOnlyForDeploymentPostprocessing = 0;
		};
/* End PBXSourcesBuildPhase section */

/* Begin PBXTargetDependency section */
		278ABC2627A6CD4400FA3075 /* PBXTargetDependency */ = {
			isa = PBXTargetDependency;
			target = 278ABC1827A6CD4300FA3075 /* Widget iOSExtension */;
			targetProxy = 278ABC2527A6CD4400FA3075 /* PBXContainerItemProxy */;
		};
		27A6C638275B80A5003A0CEE /* PBXTargetDependency */ = {
			isa = PBXTargetDependency;
			target = 27A6C628275B80A5003A0CEE /* Daikin (iOS) */;
			targetProxy = 27A6C637275B80A5003A0CEE /* PBXContainerItemProxy */;
		};
		27A6C644275B80A5003A0CEE /* PBXTargetDependency */ = {
			isa = PBXTargetDependency;
			target = 27A6C62E275B80A5003A0CEE /* Daikin (macOS) */;
			targetProxy = 27A6C643275B80A5003A0CEE /* PBXContainerItemProxy */;
		};
/* End PBXTargetDependency section */

/* Begin XCBuildConfiguration section */
		278ABC2927A6CD4400FA3075 /* Debug */ = {
			isa = XCBuildConfiguration;
			buildSettings = {
				ASSETCATALOG_COMPILER_GLOBAL_ACCENT_COLOR_NAME = AccentColor;
				ASSETCATALOG_COMPILER_WIDGET_BACKGROUND_COLOR_NAME = WidgetBackground;
				CODE_SIGN_ENTITLEMENTS = "Widget iOSExtension.entitlements";
				CODE_SIGN_STYLE = Automatic;
				CURRENT_PROJECT_VERSION = 1;
				DEVELOPMENT_TEAM = G9CK624Q2W;
				GENERATE_INFOPLIST_FILE = YES;
				INFOPLIST_FILE = "Widget iOS/Info.plist";
				INFOPLIST_KEY_CFBundleDisplayName = "Widget iOS";
				INFOPLIST_KEY_NSHumanReadableCopyright = "";
				IPHONEOS_DEPLOYMENT_TARGET = 15.2;
				LD_RUNPATH_SEARCH_PATHS = (
					"$(inherited)",
					"@executable_path/Frameworks",
					"@executable_path/../../Frameworks",
				);
				MARKETING_VERSION = 1.0;
				PRODUCT_BUNDLE_IDENTIFIER = "de.snugdev.Daikin.Widget-iOS";
				PRODUCT_NAME = "$(TARGET_NAME)";
				SDKROOT = iphoneos;
				SKIP_INSTALL = YES;
				SWIFT_EMIT_LOC_STRINGS = YES;
				SWIFT_VERSION = 5.0;
				TARGETED_DEVICE_FAMILY = "1,2";
			};
			name = Debug;
		};
		278ABC2A27A6CD4400FA3075 /* Release */ = {
			isa = XCBuildConfiguration;
			buildSettings = {
				ASSETCATALOG_COMPILER_GLOBAL_ACCENT_COLOR_NAME = AccentColor;
				ASSETCATALOG_COMPILER_WIDGET_BACKGROUND_COLOR_NAME = WidgetBackground;
				CODE_SIGN_ENTITLEMENTS = "Widget iOSExtension.entitlements";
				CODE_SIGN_STYLE = Automatic;
				CURRENT_PROJECT_VERSION = 1;
				DEVELOPMENT_TEAM = G9CK624Q2W;
				GENERATE_INFOPLIST_FILE = YES;
				INFOPLIST_FILE = "Widget iOS/Info.plist";
				INFOPLIST_KEY_CFBundleDisplayName = "Widget iOS";
				INFOPLIST_KEY_NSHumanReadableCopyright = "";
				IPHONEOS_DEPLOYMENT_TARGET = 15.2;
				LD_RUNPATH_SEARCH_PATHS = (
					"$(inherited)",
					"@executable_path/Frameworks",
					"@executable_path/../../Frameworks",
				);
				MARKETING_VERSION = 1.0;
				PRODUCT_BUNDLE_IDENTIFIER = "de.snugdev.Daikin.Widget-iOS";
				PRODUCT_NAME = "$(TARGET_NAME)";
				SDKROOT = iphoneos;
				SKIP_INSTALL = YES;
				SWIFT_EMIT_LOC_STRINGS = YES;
				SWIFT_VERSION = 5.0;
				TARGETED_DEVICE_FAMILY = "1,2";
				VALIDATE_PRODUCT = YES;
			};
			name = Release;
		};
		27A6C650275B80A5003A0CEE /* Debug */ = {
			isa = XCBuildConfiguration;
			buildSettings = {
				ALWAYS_SEARCH_USER_PATHS = NO;
				CLANG_ANALYZER_NONNULL = YES;
				CLANG_ANALYZER_NUMBER_OBJECT_CONVERSION = YES_AGGRESSIVE;
				CLANG_CXX_LANGUAGE_STANDARD = "gnu++17";
				CLANG_CXX_LIBRARY = "libc++";
				CLANG_ENABLE_MODULES = YES;
				CLANG_ENABLE_OBJC_ARC = YES;
				CLANG_ENABLE_OBJC_WEAK = YES;
				CLANG_WARN_BLOCK_CAPTURE_AUTORELEASING = YES;
				CLANG_WARN_BOOL_CONVERSION = YES;
				CLANG_WARN_COMMA = YES;
				CLANG_WARN_CONSTANT_CONVERSION = YES;
				CLANG_WARN_DEPRECATED_OBJC_IMPLEMENTATIONS = YES;
				CLANG_WARN_DIRECT_OBJC_ISA_USAGE = YES_ERROR;
				CLANG_WARN_DOCUMENTATION_COMMENTS = YES;
				CLANG_WARN_EMPTY_BODY = YES;
				CLANG_WARN_ENUM_CONVERSION = YES;
				CLANG_WARN_INFINITE_RECURSION = YES;
				CLANG_WARN_INT_CONVERSION = YES;
				CLANG_WARN_NON_LITERAL_NULL_CONVERSION = YES;
				CLANG_WARN_OBJC_IMPLICIT_RETAIN_SELF = YES;
				CLANG_WARN_OBJC_LITERAL_CONVERSION = YES;
				CLANG_WARN_OBJC_ROOT_CLASS = YES_ERROR;
				CLANG_WARN_QUOTED_INCLUDE_IN_FRAMEWORK_HEADER = YES;
				CLANG_WARN_RANGE_LOOP_ANALYSIS = YES;
				CLANG_WARN_STRICT_PROTOTYPES = YES;
				CLANG_WARN_SUSPICIOUS_MOVE = YES;
				CLANG_WARN_UNGUARDED_AVAILABILITY = YES_AGGRESSIVE;
				CLANG_WARN_UNREACHABLE_CODE = YES;
				CLANG_WARN__DUPLICATE_METHOD_MATCH = YES;
				COPY_PHASE_STRIP = NO;
				DEBUG_INFORMATION_FORMAT = dwarf;
				ENABLE_STRICT_OBJC_MSGSEND = YES;
				ENABLE_TESTABILITY = YES;
				GCC_C_LANGUAGE_STANDARD = gnu11;
				GCC_DYNAMIC_NO_PIC = NO;
				GCC_NO_COMMON_BLOCKS = YES;
				GCC_OPTIMIZATION_LEVEL = 0;
				GCC_PREPROCESSOR_DEFINITIONS = (
					"DEBUG=1",
					"$(inherited)",
				);
				GCC_WARN_64_TO_32_BIT_CONVERSION = YES;
				GCC_WARN_ABOUT_RETURN_TYPE = YES_ERROR;
				GCC_WARN_UNDECLARED_SELECTOR = YES;
				GCC_WARN_UNINITIALIZED_AUTOS = YES_AGGRESSIVE;
				GCC_WARN_UNUSED_FUNCTION = YES;
				GCC_WARN_UNUSED_VARIABLE = YES;
				MTL_ENABLE_DEBUG_INFO = INCLUDE_SOURCE;
				MTL_FAST_MATH = YES;
				ONLY_ACTIVE_ARCH = YES;
				SWIFT_ACTIVE_COMPILATION_CONDITIONS = DEBUG;
				SWIFT_OPTIMIZATION_LEVEL = "-Onone";
			};
			name = Debug;
		};
		27A6C651275B80A5003A0CEE /* Release */ = {
			isa = XCBuildConfiguration;
			buildSettings = {
				ALWAYS_SEARCH_USER_PATHS = NO;
				CLANG_ANALYZER_NONNULL = YES;
				CLANG_ANALYZER_NUMBER_OBJECT_CONVERSION = YES_AGGRESSIVE;
				CLANG_CXX_LANGUAGE_STANDARD = "gnu++17";
				CLANG_CXX_LIBRARY = "libc++";
				CLANG_ENABLE_MODULES = YES;
				CLANG_ENABLE_OBJC_ARC = YES;
				CLANG_ENABLE_OBJC_WEAK = YES;
				CLANG_WARN_BLOCK_CAPTURE_AUTORELEASING = YES;
				CLANG_WARN_BOOL_CONVERSION = YES;
				CLANG_WARN_COMMA = YES;
				CLANG_WARN_CONSTANT_CONVERSION = YES;
				CLANG_WARN_DEPRECATED_OBJC_IMPLEMENTATIONS = YES;
				CLANG_WARN_DIRECT_OBJC_ISA_USAGE = YES_ERROR;
				CLANG_WARN_DOCUMENTATION_COMMENTS = YES;
				CLANG_WARN_EMPTY_BODY = YES;
				CLANG_WARN_ENUM_CONVERSION = YES;
				CLANG_WARN_INFINITE_RECURSION = YES;
				CLANG_WARN_INT_CONVERSION = YES;
				CLANG_WARN_NON_LITERAL_NULL_CONVERSION = YES;
				CLANG_WARN_OBJC_IMPLICIT_RETAIN_SELF = YES;
				CLANG_WARN_OBJC_LITERAL_CONVERSION = YES;
				CLANG_WARN_OBJC_ROOT_CLASS = YES_ERROR;
				CLANG_WARN_QUOTED_INCLUDE_IN_FRAMEWORK_HEADER = YES;
				CLANG_WARN_RANGE_LOOP_ANALYSIS = YES;
				CLANG_WARN_STRICT_PROTOTYPES = YES;
				CLANG_WARN_SUSPICIOUS_MOVE = YES;
				CLANG_WARN_UNGUARDED_AVAILABILITY = YES_AGGRESSIVE;
				CLANG_WARN_UNREACHABLE_CODE = YES;
				CLANG_WARN__DUPLICATE_METHOD_MATCH = YES;
				COPY_PHASE_STRIP = NO;
				DEBUG_INFORMATION_FORMAT = "dwarf-with-dsym";
				ENABLE_NS_ASSERTIONS = NO;
				ENABLE_STRICT_OBJC_MSGSEND = YES;
				GCC_C_LANGUAGE_STANDARD = gnu11;
				GCC_NO_COMMON_BLOCKS = YES;
				GCC_WARN_64_TO_32_BIT_CONVERSION = YES;
				GCC_WARN_ABOUT_RETURN_TYPE = YES_ERROR;
				GCC_WARN_UNDECLARED_SELECTOR = YES;
				GCC_WARN_UNINITIALIZED_AUTOS = YES_AGGRESSIVE;
				GCC_WARN_UNUSED_FUNCTION = YES;
				GCC_WARN_UNUSED_VARIABLE = YES;
				MTL_ENABLE_DEBUG_INFO = NO;
				MTL_FAST_MATH = YES;
				SWIFT_COMPILATION_MODE = wholemodule;
				SWIFT_OPTIMIZATION_LEVEL = "-O";
			};
			name = Release;
		};
		27A6C653275B80A5003A0CEE /* Debug */ = {
			isa = XCBuildConfiguration;
			buildSettings = {
				ALWAYS_EMBED_SWIFT_STANDARD_LIBRARIES = YES;
				ASSETCATALOG_COMPILER_APPICON_NAME = AppIcon;
				ASSETCATALOG_COMPILER_GLOBAL_ACCENT_COLOR_NAME = AccentColor;
				CODE_SIGN_ENTITLEMENTS = "Daikin (iOS).entitlements";
				CODE_SIGN_STYLE = Automatic;
				CURRENT_PROJECT_VERSION = 1;
				DEVELOPMENT_TEAM = G9CK624Q2W;
				ENABLE_PREVIEWS = YES;
				GENERATE_INFOPLIST_FILE = YES;
				INFOPLIST_FILE = "Daikin--iOS--Info.plist";
				INFOPLIST_KEY_UIApplicationSupportsIndirectInputEvents = YES;
				INFOPLIST_KEY_UILaunchScreen_Generation = YES;
				INFOPLIST_KEY_UISupportedInterfaceOrientations = UIInterfaceOrientationPortrait;
				INFOPLIST_KEY_UISupportedInterfaceOrientations_iPad = "UIInterfaceOrientationPortrait UIInterfaceOrientationPortraitUpsideDown UIInterfaceOrientationLandscapeLeft UIInterfaceOrientationLandscapeRight";
				INFOPLIST_KEY_UISupportedInterfaceOrientations_iPhone = "UIInterfaceOrientationPortrait UIInterfaceOrientationLandscapeLeft UIInterfaceOrientationLandscapeRight";
				IPHONEOS_DEPLOYMENT_TARGET = 15.0;
				LD_RUNPATH_SEARCH_PATHS = (
					"$(inherited)",
					"@executable_path/Frameworks",
				);
				MARKETING_VERSION = 1.0;
				PRODUCT_BUNDLE_IDENTIFIER = de.snugdev.Daikin;
				PRODUCT_NAME = Daikin;
				SDKROOT = iphoneos;
				SWIFT_EMIT_LOC_STRINGS = YES;
				SWIFT_VERSION = 5.0;
				TARGETED_DEVICE_FAMILY = "1,2";
			};
			name = Debug;
		};
		27A6C654275B80A5003A0CEE /* Release */ = {
			isa = XCBuildConfiguration;
			buildSettings = {
				ALWAYS_EMBED_SWIFT_STANDARD_LIBRARIES = YES;
				ASSETCATALOG_COMPILER_APPICON_NAME = AppIcon;
				ASSETCATALOG_COMPILER_GLOBAL_ACCENT_COLOR_NAME = AccentColor;
				CODE_SIGN_ENTITLEMENTS = "Daikin (iOS).entitlements";
				CODE_SIGN_STYLE = Automatic;
				CURRENT_PROJECT_VERSION = 1;
				DEVELOPMENT_TEAM = G9CK624Q2W;
				ENABLE_PREVIEWS = YES;
				GENERATE_INFOPLIST_FILE = YES;
				INFOPLIST_FILE = "Daikin--iOS--Info.plist";
				INFOPLIST_KEY_UIApplicationSupportsIndirectInputEvents = YES;
				INFOPLIST_KEY_UILaunchScreen_Generation = YES;
				INFOPLIST_KEY_UISupportedInterfaceOrientations = UIInterfaceOrientationPortrait;
				INFOPLIST_KEY_UISupportedInterfaceOrientations_iPad = "UIInterfaceOrientationPortrait UIInterfaceOrientationPortraitUpsideDown UIInterfaceOrientationLandscapeLeft UIInterfaceOrientationLandscapeRight";
				INFOPLIST_KEY_UISupportedInterfaceOrientations_iPhone = "UIInterfaceOrientationPortrait UIInterfaceOrientationLandscapeLeft UIInterfaceOrientationLandscapeRight";
				IPHONEOS_DEPLOYMENT_TARGET = 15.0;
				LD_RUNPATH_SEARCH_PATHS = (
					"$(inherited)",
					"@executable_path/Frameworks",
				);
				MARKETING_VERSION = 1.0;
				PRODUCT_BUNDLE_IDENTIFIER = de.snugdev.Daikin;
				PRODUCT_NAME = Daikin;
				SDKROOT = iphoneos;
				SWIFT_EMIT_LOC_STRINGS = YES;
				SWIFT_VERSION = 5.0;
				TARGETED_DEVICE_FAMILY = "1,2";
				VALIDATE_PRODUCT = YES;
			};
			name = Release;
		};
		27A6C656275B80A5003A0CEE /* Debug */ = {
			isa = XCBuildConfiguration;
			buildSettings = {
				ASSETCATALOG_COMPILER_APPICON_NAME = AppIcon;
				ASSETCATALOG_COMPILER_GLOBAL_ACCENT_COLOR_NAME = AccentColor;
				CODE_SIGN_ENTITLEMENTS = macOS/macOS.entitlements;
				CODE_SIGN_STYLE = Automatic;
				COMBINE_HIDPI_IMAGES = YES;
				CURRENT_PROJECT_VERSION = 1;
				DEVELOPMENT_TEAM = G9CK624Q2W;
				ENABLE_HARDENED_RUNTIME = YES;
				ENABLE_PREVIEWS = YES;
				GENERATE_INFOPLIST_FILE = YES;
				INFOPLIST_KEY_NSHumanReadableCopyright = "";
				LD_RUNPATH_SEARCH_PATHS = (
					"$(inherited)",
					"@executable_path/../Frameworks",
				);
				MACOSX_DEPLOYMENT_TARGET = 12.0;
				MARKETING_VERSION = 1.0;
				PRODUCT_BUNDLE_IDENTIFIER = de.snugdev.Daikin;
				PRODUCT_NAME = Daikin;
				SDKROOT = macosx;
				SWIFT_EMIT_LOC_STRINGS = YES;
				SWIFT_VERSION = 5.0;
			};
			name = Debug;
		};
		27A6C657275B80A5003A0CEE /* Release */ = {
			isa = XCBuildConfiguration;
			buildSettings = {
				ASSETCATALOG_COMPILER_APPICON_NAME = AppIcon;
				ASSETCATALOG_COMPILER_GLOBAL_ACCENT_COLOR_NAME = AccentColor;
				CODE_SIGN_ENTITLEMENTS = macOS/macOS.entitlements;
				CODE_SIGN_STYLE = Automatic;
				COMBINE_HIDPI_IMAGES = YES;
				CURRENT_PROJECT_VERSION = 1;
				DEVELOPMENT_TEAM = G9CK624Q2W;
				ENABLE_HARDENED_RUNTIME = YES;
				ENABLE_PREVIEWS = YES;
				GENERATE_INFOPLIST_FILE = YES;
				INFOPLIST_KEY_NSHumanReadableCopyright = "";
				LD_RUNPATH_SEARCH_PATHS = (
					"$(inherited)",
					"@executable_path/../Frameworks",
				);
				MACOSX_DEPLOYMENT_TARGET = 12.0;
				MARKETING_VERSION = 1.0;
				PRODUCT_BUNDLE_IDENTIFIER = de.snugdev.Daikin;
				PRODUCT_NAME = Daikin;
				SDKROOT = macosx;
				SWIFT_EMIT_LOC_STRINGS = YES;
				SWIFT_VERSION = 5.0;
			};
			name = Release;
		};
		27A6C659275B80A5003A0CEE /* Debug */ = {
			isa = XCBuildConfiguration;
			buildSettings = {
				ALWAYS_EMBED_SWIFT_STANDARD_LIBRARIES = YES;
				CODE_SIGN_STYLE = Automatic;
				CURRENT_PROJECT_VERSION = 1;
				DEVELOPMENT_TEAM = G9CK624Q2W;
				GENERATE_INFOPLIST_FILE = YES;
				IPHONEOS_DEPLOYMENT_TARGET = 15.0;
				LD_RUNPATH_SEARCH_PATHS = (
					"$(inherited)",
					"@executable_path/Frameworks",
					"@loader_path/Frameworks",
				);
				MARKETING_VERSION = 1.0;
				PRODUCT_BUNDLE_IDENTIFIER = "de.snugdev.Tests-iOS";
				PRODUCT_NAME = "$(TARGET_NAME)";
				SDKROOT = iphoneos;
				SWIFT_EMIT_LOC_STRINGS = NO;
				SWIFT_VERSION = 5.0;
				TARGETED_DEVICE_FAMILY = "1,2";
				TEST_TARGET_NAME = "Daikin (iOS)";
			};
			name = Debug;
		};
		27A6C65A275B80A5003A0CEE /* Release */ = {
			isa = XCBuildConfiguration;
			buildSettings = {
				ALWAYS_EMBED_SWIFT_STANDARD_LIBRARIES = YES;
				CODE_SIGN_STYLE = Automatic;
				CURRENT_PROJECT_VERSION = 1;
				DEVELOPMENT_TEAM = G9CK624Q2W;
				GENERATE_INFOPLIST_FILE = YES;
				IPHONEOS_DEPLOYMENT_TARGET = 15.0;
				LD_RUNPATH_SEARCH_PATHS = (
					"$(inherited)",
					"@executable_path/Frameworks",
					"@loader_path/Frameworks",
				);
				MARKETING_VERSION = 1.0;
				PRODUCT_BUNDLE_IDENTIFIER = "de.snugdev.Tests-iOS";
				PRODUCT_NAME = "$(TARGET_NAME)";
				SDKROOT = iphoneos;
				SWIFT_EMIT_LOC_STRINGS = NO;
				SWIFT_VERSION = 5.0;
				TARGETED_DEVICE_FAMILY = "1,2";
				TEST_TARGET_NAME = "Daikin (iOS)";
				VALIDATE_PRODUCT = YES;
			};
			name = Release;
		};
		27A6C65C275B80A5003A0CEE /* Debug */ = {
			isa = XCBuildConfiguration;
			buildSettings = {
				ALWAYS_EMBED_SWIFT_STANDARD_LIBRARIES = YES;
				CODE_SIGN_STYLE = Automatic;
				COMBINE_HIDPI_IMAGES = YES;
				CURRENT_PROJECT_VERSION = 1;
				DEVELOPMENT_TEAM = G9CK624Q2W;
				GENERATE_INFOPLIST_FILE = YES;
				LD_RUNPATH_SEARCH_PATHS = (
					"$(inherited)",
					"@executable_path/../Frameworks",
					"@loader_path/../Frameworks",
				);
				MACOSX_DEPLOYMENT_TARGET = 12.0;
				MARKETING_VERSION = 1.0;
				PRODUCT_BUNDLE_IDENTIFIER = "de.snugdev.Tests-macOS";
				PRODUCT_NAME = "$(TARGET_NAME)";
				SDKROOT = macosx;
				SWIFT_EMIT_LOC_STRINGS = NO;
				SWIFT_VERSION = 5.0;
				TEST_TARGET_NAME = "Daikin (macOS)";
			};
			name = Debug;
		};
		27A6C65D275B80A5003A0CEE /* Release */ = {
			isa = XCBuildConfiguration;
			buildSettings = {
				ALWAYS_EMBED_SWIFT_STANDARD_LIBRARIES = YES;
				CODE_SIGN_STYLE = Automatic;
				COMBINE_HIDPI_IMAGES = YES;
				CURRENT_PROJECT_VERSION = 1;
				DEVELOPMENT_TEAM = G9CK624Q2W;
				GENERATE_INFOPLIST_FILE = YES;
				LD_RUNPATH_SEARCH_PATHS = (
					"$(inherited)",
					"@executable_path/../Frameworks",
					"@loader_path/../Frameworks",
				);
				MACOSX_DEPLOYMENT_TARGET = 12.0;
				MARKETING_VERSION = 1.0;
				PRODUCT_BUNDLE_IDENTIFIER = "de.snugdev.Tests-macOS";
				PRODUCT_NAME = "$(TARGET_NAME)";
				SDKROOT = macosx;
				SWIFT_EMIT_LOC_STRINGS = NO;
				SWIFT_VERSION = 5.0;
				TEST_TARGET_NAME = "Daikin (macOS)";
			};
			name = Release;
		};
/* End XCBuildConfiguration section */

/* Begin XCConfigurationList section */
		278ABC2B27A6CD4400FA3075 /* Build configuration list for PBXNativeTarget "Widget iOSExtension" */ = {
			isa = XCConfigurationList;
			buildConfigurations = (
				278ABC2927A6CD4400FA3075 /* Debug */,
				278ABC2A27A6CD4400FA3075 /* Release */,
			);
			defaultConfigurationIsVisible = 0;
			defaultConfigurationName = Release;
		};
		27A6C620275B80A5003A0CEE /* Build configuration list for PBXProject "Daikin" */ = {
			isa = XCConfigurationList;
			buildConfigurations = (
				27A6C650275B80A5003A0CEE /* Debug */,
				27A6C651275B80A5003A0CEE /* Release */,
			);
			defaultConfigurationIsVisible = 0;
			defaultConfigurationName = Release;
		};
		27A6C652275B80A5003A0CEE /* Build configuration list for PBXNativeTarget "Daikin (iOS)" */ = {
			isa = XCConfigurationList;
			buildConfigurations = (
				27A6C653275B80A5003A0CEE /* Debug */,
				27A6C654275B80A5003A0CEE /* Release */,
			);
			defaultConfigurationIsVisible = 0;
			defaultConfigurationName = Release;
		};
		27A6C655275B80A5003A0CEE /* Build configuration list for PBXNativeTarget "Daikin (macOS)" */ = {
			isa = XCConfigurationList;
			buildConfigurations = (
				27A6C656275B80A5003A0CEE /* Debug */,
				27A6C657275B80A5003A0CEE /* Release */,
			);
			defaultConfigurationIsVisible = 0;
			defaultConfigurationName = Release;
		};
		27A6C658275B80A5003A0CEE /* Build configuration list for PBXNativeTarget "Tests iOS" */ = {
			isa = XCConfigurationList;
			buildConfigurations = (
				27A6C659275B80A5003A0CEE /* Debug */,
				27A6C65A275B80A5003A0CEE /* Release */,
			);
			defaultConfigurationIsVisible = 0;
			defaultConfigurationName = Release;
		};
		27A6C65B275B80A5003A0CEE /* Build configuration list for PBXNativeTarget "Tests macOS" */ = {
			isa = XCConfigurationList;
			buildConfigurations = (
				27A6C65C275B80A5003A0CEE /* Debug */,
				27A6C65D275B80A5003A0CEE /* Release */,
			);
			defaultConfigurationIsVisible = 0;
			defaultConfigurationName = Release;
		};
/* End XCConfigurationList section */
	};
	rootObject = 27A6C61D275B80A5003A0CEE /* Project object */;
}
